{
  "originHash" : "bd2fb85f55d9b7c074b54761d6788c59c538ca3f7cb322277b6c96df8b014388",
  "pins" : [
    {
      "identity" : "plate",
      "kind" : "remoteSourceControl",
      "location" : "https://github.com/leviouwendijk/plate.git",
      "state" : {
        "branch" : "master",
        "revision" : "125d30ffdecd3fda29ecccc10c28190553fe58e7"
      }
    },
    {
      "identity" : "swift-argument-parser",
      "kind" : "remoteSourceControl",
      "location" : "https://github.com/apple/swift-argument-parser.git",
      "state" : {
        "branch" : "main",
        "revision" : "04695ec5448962bcd5e4616ed184b8a2168751e7"
      }
    }
  ],
  "version" : 3
}
